// !$*UTF8*$!
{
	archiveVersion = 1;
	classes = {
	};
	objectVersion = 48;
	objects = {

/* Begin PBXBuildFile section */
		7CBAA8E7A7AAA7C2EEC8EA85 /* Pods_Factoy.framework in Frameworks */ = {isa = PBXBuildFile; fileRef = 0C857181167685747F712B5D /* Pods_Factoy.framework */; };
		CF04C43A20D1B7CE00AEF7F0 /* ErrorOccured.swift in Sources */ = {isa = PBXBuildFile; fileRef = CF04C43920D1B7CE00AEF7F0 /* ErrorOccured.swift */; };
		CF05C94820C7D98400848A59 /* AppDelegate.swift in Sources */ = {isa = PBXBuildFile; fileRef = CF05C94720C7D98400848A59 /* AppDelegate.swift */; };
		CF05C94A20C7D98400848A59 /* DataViewController.swift in Sources */ = {isa = PBXBuildFile; fileRef = CF05C94920C7D98400848A59 /* DataViewController.swift */; };
		CF05C94D20C7D98400848A59 /* Main.storyboard in Resources */ = {isa = PBXBuildFile; fileRef = CF05C94B20C7D98400848A59 /* Main.storyboard */; };
		CF05C94F20C7D98400848A59 /* Assets.xcassets in Resources */ = {isa = PBXBuildFile; fileRef = CF05C94E20C7D98400848A59 /* Assets.xcassets */; };
		CF05C95220C7D98400848A59 /* LaunchScreen.storyboard in Resources */ = {isa = PBXBuildFile; fileRef = CF05C95020C7D98400848A59 /* LaunchScreen.storyboard */; };
		CF8A999420C93F3F00E56D0D /* PreviewDataTableViewCell.swift in Sources */ = {isa = PBXBuildFile; fileRef = CF8A999320C93F3F00E56D0D /* PreviewDataTableViewCell.swift */; };
		CF8A999620C976C500E56D0D /* PreviewDataTableViewController.swift in Sources */ = {isa = PBXBuildFile; fileRef = CF8A999520C976C500E56D0D /* PreviewDataTableViewController.swift */; };
		CFE2D93520D7D8430068351D /* News.swift in Sources */ = {isa = PBXBuildFile; fileRef = CFE2D93420D7D8430068351D /* News.swift */; };
		CFE2D93720D7D84D0068351D /* NewsPresenter.swift in Sources */ = {isa = PBXBuildFile; fileRef = CFE2D93620D7D84D0068351D /* NewsPresenter.swift */; };
		CFE2D93920D7D8530068351D /* NewsService.swift in Sources */ = {isa = PBXBuildFile; fileRef = CFE2D93820D7D8520068351D /* NewsService.swift */; };
/* End PBXBuildFile section */

/* Begin PBXFileReference section */
		0C857181167685747F712B5D /* Pods_Factoy.framework */ = {isa = PBXFileReference; explicitFileType = wrapper.framework; includeInIndex = 0; path = Pods_Factoy.framework; sourceTree = BUILT_PRODUCTS_DIR; };
		7E015D39C376FC9BBC955134 /* Pods-Factoy.debug.xcconfig */ = {isa = PBXFileReference; includeInIndex = 1; lastKnownFileType = text.xcconfig; name = "Pods-Factoy.debug.xcconfig"; path = "Pods/Target Support Files/Pods-Factoy/Pods-Factoy.debug.xcconfig"; sourceTree = "<group>"; };
		CF04C43920D1B7CE00AEF7F0 /* ErrorOccured.swift */ = {isa = PBXFileReference; lastKnownFileType = sourcecode.swift; path = ErrorOccured.swift; sourceTree = "<group>"; };
		CF05C94420C7D98400848A59 /* Factoy.app */ = {isa = PBXFileReference; explicitFileType = wrapper.application; includeInIndex = 0; path = Factoy.app; sourceTree = BUILT_PRODUCTS_DIR; };
		CF05C94720C7D98400848A59 /* AppDelegate.swift */ = {isa = PBXFileReference; lastKnownFileType = sourcecode.swift; path = AppDelegate.swift; sourceTree = "<group>"; };
		CF05C94920C7D98400848A59 /* DataViewController.swift */ = {isa = PBXFileReference; lastKnownFileType = sourcecode.swift; path = DataViewController.swift; sourceTree = "<group>"; };
		CF05C94C20C7D98400848A59 /* Base */ = {isa = PBXFileReference; lastKnownFileType = file.storyboard; name = Base; path = Base.lproj/Main.storyboard; sourceTree = "<group>"; };
		CF05C94E20C7D98400848A59 /* Assets.xcassets */ = {isa = PBXFileReference; lastKnownFileType = folder.assetcatalog; path = Assets.xcassets; sourceTree = "<group>"; };
		CF05C95120C7D98400848A59 /* Base */ = {isa = PBXFileReference; lastKnownFileType = file.storyboard; name = Base; path = Base.lproj/LaunchScreen.storyboard; sourceTree = "<group>"; };
		CF05C95320C7D98400848A59 /* Info.plist */ = {isa = PBXFileReference; lastKnownFileType = text.plist.xml; path = Info.plist; sourceTree = "<group>"; };
		CF8A999320C93F3F00E56D0D /* PreviewDataTableViewCell.swift */ = {isa = PBXFileReference; lastKnownFileType = sourcecode.swift; path = PreviewDataTableViewCell.swift; sourceTree = "<group>"; };
		CF8A999520C976C500E56D0D /* PreviewDataTableViewController.swift */ = {isa = PBXFileReference; lastKnownFileType = sourcecode.swift; path = PreviewDataTableViewController.swift; sourceTree = "<group>"; };
		CFE2D93420D7D8430068351D /* News.swift */ = {isa = PBXFileReference; fileEncoding = 4; lastKnownFileType = sourcecode.swift; path = News.swift; sourceTree = "<group>"; };
		CFE2D93620D7D84D0068351D /* NewsPresenter.swift */ = {isa = PBXFileReference; fileEncoding = 4; lastKnownFileType = sourcecode.swift; path = NewsPresenter.swift; sourceTree = "<group>"; };
		CFE2D93820D7D8520068351D /* NewsService.swift */ = {isa = PBXFileReference; fileEncoding = 4; lastKnownFileType = sourcecode.swift; path = NewsService.swift; sourceTree = "<group>"; };
		F6C2A677FAEB226A85FD397C /* Pods-Factoy.release.xcconfig */ = {isa = PBXFileReference; includeInIndex = 1; lastKnownFileType = text.xcconfig; name = "Pods-Factoy.release.xcconfig"; path = "Pods/Target Support Files/Pods-Factoy/Pods-Factoy.release.xcconfig"; sourceTree = "<group>"; };
/* End PBXFileReference section */

/* Begin PBXFrameworksBuildPhase section */
		CF05C94120C7D98400848A59 /* Frameworks */ = {
			isa = PBXFrameworksBuildPhase;
			buildActionMask = 2147483647;
			files = (
				7CBAA8E7A7AAA7C2EEC8EA85 /* Pods_Factoy.framework in Frameworks */,
			);
			runOnlyForDeploymentPostprocessing = 0;
		};
/* End PBXFrameworksBuildPhase section */

/* Begin PBXGroup section */
		BB323DF7D193CF6E631CE782 /* Pods */ = {
			isa = PBXGroup;
			children = (
				7E015D39C376FC9BBC955134 /* Pods-Factoy.debug.xcconfig */,
				F6C2A677FAEB226A85FD397C /* Pods-Factoy.release.xcconfig */,
			);
			name = Pods;
			sourceTree = "<group>";
		};
		C6CCE57702A5BE689C6BF107 /* Frameworks */ = {
			isa = PBXGroup;
			children = (
				0C857181167685747F712B5D /* Pods_Factoy.framework */,
			);
			name = Frameworks;
			sourceTree = "<group>";
		};
		CF05C93B20C7D98400848A59 = {
			isa = PBXGroup;
			children = (
				CF05C94620C7D98400848A59 /* Factoy */,
				CF05C94520C7D98400848A59 /* Products */,
				BB323DF7D193CF6E631CE782 /* Pods */,
				C6CCE57702A5BE689C6BF107 /* Frameworks */,
			);
			sourceTree = "<group>";
		};
		CF05C94520C7D98400848A59 /* Products */ = {
			isa = PBXGroup;
			children = (
				CF05C94420C7D98400848A59 /* Factoy.app */,
			);
			name = Products;
			sourceTree = "<group>";
		};
		CF05C94620C7D98400848A59 /* Factoy */ = {
			isa = PBXGroup;
			children = (
				CF05C94720C7D98400848A59 /* AppDelegate.swift */,
				CFE2D93420D7D8430068351D /* News.swift */,
				CFE2D93620D7D84D0068351D /* NewsPresenter.swift */,
				CFE2D93820D7D8520068351D /* NewsService.swift */,
				CF05C94920C7D98400848A59 /* DataViewController.swift */,
				CF8A999520C976C500E56D0D /* PreviewDataTableViewController.swift */,
				CF8A999320C93F3F00E56D0D /* PreviewDataTableViewCell.swift */,
				CF04C43920D1B7CE00AEF7F0 /* ErrorOccured.swift */,
				CF05C94E20C7D98400848A59 /* Assets.xcassets */,
				CF05C94B20C7D98400848A59 /* Main.storyboard */,
				CF05C95020C7D98400848A59 /* LaunchScreen.storyboard */,
				CF05C95320C7D98400848A59 /* Info.plist */,
			);
			path = Factoy;
			sourceTree = "<group>";
		};
/* End PBXGroup section */

/* Begin PBXNativeTarget section */
		CF05C94320C7D98400848A59 /* Factoy */ = {
			isa = PBXNativeTarget;
			buildConfigurationList = CF05C95620C7D98400848A59 /* Build configuration list for PBXNativeTarget "Factoy" */;
			buildPhases = (
				A866000B0F7DCFA607BBE864 /* [CP] Check Pods Manifest.lock */,
				CF05C94020C7D98400848A59 /* Sources */,
				CF05C94120C7D98400848A59 /* Frameworks */,
				CF05C94220C7D98400848A59 /* Resources */,
				45733CD96D0A95DA7EAF3CDF /* [CP] Embed Pods Frameworks */,
			);
			buildRules = (
			);
			dependencies = (
			);
			name = Factoy;
			productName = Factoy;
			productReference = CF05C94420C7D98400848A59 /* Factoy.app */;
			productType = "com.apple.product-type.application";
		};
/* End PBXNativeTarget section */

/* Begin PBXProject section */
		CF05C93C20C7D98400848A59 /* Project object */ = {
			isa = PBXProject;
			attributes = {
				LastSwiftUpdateCheck = 0920;
				LastUpgradeCheck = 0920;
				ORGANIZATIONNAME = "Mateo Došlić";
				TargetAttributes = {
					CF05C94320C7D98400848A59 = {
						CreatedOnToolsVersion = 9.2;
						ProvisioningStyle = Automatic;
					};
				};
			};
			buildConfigurationList = CF05C93F20C7D98400848A59 /* Build configuration list for PBXProject "Factoy" */;
			compatibilityVersion = "Xcode 8.0";
			developmentRegion = en;
			hasScannedForEncodings = 0;
			knownRegions = (
				en,
				Base,
			);
			mainGroup = CF05C93B20C7D98400848A59;
			productRefGroup = CF05C94520C7D98400848A59 /* Products */;
			projectDirPath = "";
			projectRoot = "";
			targets = (
				CF05C94320C7D98400848A59 /* Factoy */,
			);
		};
/* End PBXProject section */

/* Begin PBXResourcesBuildPhase section */
		CF05C94220C7D98400848A59 /* Resources */ = {
			isa = PBXResourcesBuildPhase;
			buildActionMask = 2147483647;
			files = (
				CF05C95220C7D98400848A59 /* LaunchScreen.storyboard in Resources */,
				CF05C94F20C7D98400848A59 /* Assets.xcassets in Resources */,
				CF05C94D20C7D98400848A59 /* Main.storyboard in Resources */,
			);
			runOnlyForDeploymentPostprocessing = 0;
		};
/* End PBXResourcesBuildPhase section */

/* Begin PBXShellScriptBuildPhase section */
		45733CD96D0A95DA7EAF3CDF /* [CP] Embed Pods Frameworks */ = {
			isa = PBXShellScriptBuildPhase;
			buildActionMask = 2147483647;
			files = (
			);
			inputPaths = (
				"${SRCROOT}/Pods/Target Support Files/Pods-Factoy/Pods-Factoy-frameworks.sh",
				"${BUILT_PRODUCTS_DIR}/Alamofire/Alamofire.framework",
				"${BUILT_PRODUCTS_DIR}/AlamofireImage/AlamofireImage.framework",
				"${BUILT_PRODUCTS_DIR}/SwiftyJSON/SwiftyJSON.framework",
			);
			name = "[CP] Embed Pods Frameworks";
			outputPaths = (
				"${TARGET_BUILD_DIR}/${FRAMEWORKS_FOLDER_PATH}/Alamofire.framework",
				"${TARGET_BUILD_DIR}/${FRAMEWORKS_FOLDER_PATH}/AlamofireImage.framework",
				"${TARGET_BUILD_DIR}/${FRAMEWORKS_FOLDER_PATH}/SwiftyJSON.framework",
			);
			runOnlyForDeploymentPostprocessing = 0;
			shellPath = /bin/sh;
			shellScript = "\"${SRCROOT}/Pods/Target Support Files/Pods-Factoy/Pods-Factoy-frameworks.sh\"\n";
			showEnvVarsInLog = 0;
		};
		A866000B0F7DCFA607BBE864 /* [CP] Check Pods Manifest.lock */ = {
			isa = PBXShellScriptBuildPhase;
			buildActionMask = 2147483647;
			files = (
			);
			inputPaths = (
				"${PODS_PODFILE_DIR_PATH}/Podfile.lock",
				"${PODS_ROOT}/Manifest.lock",
			);
			name = "[CP] Check Pods Manifest.lock";
			outputPaths = (
				"$(DERIVED_FILE_DIR)/Pods-Factoy-checkManifestLockResult.txt",
			);
			runOnlyForDeploymentPostprocessing = 0;
			shellPath = /bin/sh;
			shellScript = "diff \"${PODS_PODFILE_DIR_PATH}/Podfile.lock\" \"${PODS_ROOT}/Manifest.lock\" > /dev/null\nif [ $? != 0 ] ; then\n    # print error to STDERR\n    echo \"error: The sandbox is not in sync with the Podfile.lock. Run 'pod install' or update your CocoaPods installation.\" >&2\n    exit 1\nfi\n# This output is used by Xcode 'outputs' to avoid re-running this script phase.\necho \"SUCCESS\" > \"${SCRIPT_OUTPUT_FILE_0}\"\n";
			showEnvVarsInLog = 0;
		};
/* End PBXShellScriptBuildPhase section */

/* Begin PBXSourcesBuildPhase section */
		CF05C94020C7D98400848A59 /* Sources */ = {
			isa = PBXSourcesBuildPhase;
			buildActionMask = 2147483647;
			files = (
				CFE2D93520D7D8430068351D /* News.swift in Sources */,
				CF8A999420C93F3F00E56D0D /* PreviewDataTableViewCell.swift in Sources */,
				CFE2D93920D7D8530068351D /* NewsService.swift in Sources */,
				CFE2D93720D7D84D0068351D /* NewsPresenter.swift in Sources */,
				CF05C94A20C7D98400848A59 /* DataViewController.swift in Sources */,
				CF04C43A20D1B7CE00AEF7F0 /* ErrorOccured.swift in Sources */,
				CF05C94820C7D98400848A59 /* AppDelegate.swift in Sources */,
				CF8A999620C976C500E56D0D /* PreviewDataTableViewController.swift in Sources */,
			);
			runOnlyForDeploymentPostprocessing = 0;
		};
/* End PBXSourcesBuildPhase section */

/* Begin PBXVariantGroup section */
		CF05C94B20C7D98400848A59 /* Main.storyboard */ = {
			isa = PBXVariantGroup;
			children = (
				CF05C94C20C7D98400848A59 /* Base */,
			);
			name = Main.storyboard;
			sourceTree = "<group>";
		};
		CF05C95020C7D98400848A59 /* LaunchScreen.storyboard */ = {
			isa = PBXVariantGroup;
			children = (
				CF05C95120C7D98400848A59 /* Base */,
			);
			name = LaunchScreen.storyboard;
			sourceTree = "<group>";
		};
/* End PBXVariantGroup section */

/* Begin XCBuildConfiguration section */
		CF05C95420C7D98400848A59 /* Debug */ = {
			isa = XCBuildConfiguration;
			buildSettings = {
				ALWAYS_SEARCH_USER_PATHS = NO;
				CLANG_ANALYZER_NONNULL = YES;
				CLANG_ANALYZER_NUMBER_OBJECT_CONVERSION = YES_AGGRESSIVE;
				CLANG_CXX_LANGUAGE_STANDARD = "gnu++14";
				CLANG_CXX_LIBRARY = "libc++";
				CLANG_ENABLE_MODULES = YES;
				CLANG_ENABLE_OBJC_ARC = YES;
				CLANG_WARN_BLOCK_CAPTURE_AUTORELEASING = YES;
				CLANG_WARN_BOOL_CONVERSION = YES;
				CLANG_WARN_COMMA = YES;
				CLANG_WARN_CONSTANT_CONVERSION = YES;
				CLANG_WARN_DIRECT_OBJC_ISA_USAGE = YES_ERROR;
				CLANG_WARN_DOCUMENTATION_COMMENTS = YES;
				CLANG_WARN_EMPTY_BODY = YES;
				CLANG_WARN_ENUM_CONVERSION = YES;
				CLANG_WARN_INFINITE_RECURSION = YES;
				CLANG_WARN_INT_CONVERSION = YES;
				CLANG_WARN_NON_LITERAL_NULL_CONVERSION = YES;
				CLANG_WARN_OBJC_LITERAL_CONVERSION = YES;
				CLANG_WARN_OBJC_ROOT_CLASS = YES_ERROR;
				CLANG_WARN_RANGE_LOOP_ANALYSIS = YES;
				CLANG_WARN_STRICT_PROTOTYPES = YES;
				CLANG_WARN_SUSPICIOUS_MOVE = YES;
				CLANG_WARN_UNGUARDED_AVAILABILITY = YES_AGGRESSIVE;
				CLANG_WARN_UNREACHABLE_CODE = YES;
				CLANG_WARN__DUPLICATE_METHOD_MATCH = YES;
				CODE_SIGN_IDENTITY = "iPhone Developer";
				COPY_PHASE_STRIP = NO;
				DEBUG_INFORMATION_FORMAT = dwarf;
				ENABLE_STRICT_OBJC_MSGSEND = YES;
				ENABLE_TESTABILITY = YES;
				GCC_C_LANGUAGE_STANDARD = gnu11;
				GCC_DYNAMIC_NO_PIC = NO;
				GCC_NO_COMMON_BLOCKS = YES;
				GCC_OPTIMIZATION_LEVEL = 0;
				GCC_PREPROCESSOR_DEFINITIONS = (
					"DEBUG=1",
					"$(inherited)",
				);
				GCC_WARN_64_TO_32_BIT_CONVERSION = YES;
				GCC_WARN_ABOUT_RETURN_TYPE = YES_ERROR;
				GCC_WARN_UNDECLARED_SELECTOR = YES;
				GCC_WARN_UNINITIALIZED_AUTOS = YES_AGGRESSIVE;
				GCC_WARN_UNUSED_FUNCTION = YES;
				GCC_WARN_UNUSED_VARIABLE = YES;
				IPHONEOS_DEPLOYMENT_TARGET = 11.2;
				MTL_ENABLE_DEBUG_INFO = YES;
				ONLY_ACTIVE_ARCH = YES;
				SDKROOT = iphoneos;
				SWIFT_ACTIVE_COMPILATION_CONDITIONS = DEBUG;
				SWIFT_OPTIMIZATION_LEVEL = "-Onone";
			};
			name = Debug;
		};
		CF05C95520C7D98400848A59 /* Release */ = {
			isa = XCBuildConfiguration;
			buildSettings = {
				ALWAYS_SEARCH_USER_PATHS = NO;
				CLANG_ANALYZER_NONNULL = YES;
				CLANG_ANALYZER_NUMBER_OBJECT_CONVERSION = YES_AGGRESSIVE;
				CLANG_CXX_LANGUAGE_STANDARD = "gnu++14";
				CLANG_CXX_LIBRARY = "libc++";
				CLANG_ENABLE_MODULES = YES;
				CLANG_ENABLE_OBJC_ARC = YES;
				CLANG_WARN_BLOCK_CAPTURE_AUTORELEASING = YES;
				CLANG_WARN_BOOL_CONVERSION = YES;
				CLANG_WARN_COMMA = YES;
				CLANG_WARN_CONSTANT_CONVERSION = YES;
				CLANG_WARN_DIRECT_OBJC_ISA_USAGE = YES_ERROR;
				CLANG_WARN_DOCUMENTATION_COMMENTS = YES;
				CLANG_WARN_EMPTY_BODY = YES;
				CLANG_WARN_ENUM_CONVERSION = YES;
				CLANG_WARN_INFINITE_RECURSION = YES;
				CLANG_WARN_INT_CONVERSION = YES;
				CLANG_WARN_NON_LITERAL_NULL_CONVERSION = YES;
				CLANG_WARN_OBJC_LITERAL_CONVERSION = YES;
				CLANG_WARN_OBJC_ROOT_CLASS = YES_ERROR;
				CLANG_WARN_RANGE_LOOP_ANALYSIS = YES;
				CLANG_WARN_STRICT_PROTOTYPES = YES;
				CLANG_WARN_SUSPICIOUS_MOVE = YES;
				CLANG_WARN_UNGUARDED_AVAILABILITY = YES_AGGRESSIVE;
				CLANG_WARN_UNREACHABLE_CODE = YES;
				CLANG_WARN__DUPLICATE_METHOD_MATCH = YES;
				CODE_SIGN_IDENTITY = "iPhone Developer";
				COPY_PHASE_STRIP = NO;
				DEBUG_INFORMATION_FORMAT = "dwarf-with-dsym";
				ENABLE_NS_ASSERTIONS = NO;
				ENABLE_STRICT_OBJC_MSGSEND = YES;
				GCC_C_LANGUAGE_STANDARD = gnu11;
				GCC_NO_COMMON_BLOCKS = YES;
				GCC_WARN_64_TO_32_BIT_CONVERSION = YES;
				GCC_WARN_ABOUT_RETURN_TYPE = YES_ERROR;
				GCC_WARN_UNDECLARED_SELECTOR = YES;
				GCC_WARN_UNINITIALIZED_AUTOS = YES_AGGRESSIVE;
				GCC_WARN_UNUSED_FUNCTION = YES;
				GCC_WARN_UNUSED_VARIABLE = YES;
				IPHONEOS_DEPLOYMENT_TARGET = 11.2;
				MTL_ENABLE_DEBUG_INFO = NO;
				SDKROOT = iphoneos;
				SWIFT_OPTIMIZATION_LEVEL = "-Owholemodule";
				VALIDATE_PRODUCT = YES;
			};
			name = Release;
		};
		CF05C95720C7D98400848A59 /* Debug */ = {
			isa = XCBuildConfiguration;
			baseConfigurationReference = 7E015D39C376FC9BBC955134 /* Pods-Factoy.debug.xcconfig */;
			buildSettings = {
				ASSETCATALOG_COMPILER_APPICON_NAME = AppIcon;
				CODE_SIGN_STYLE = Automatic;
				DEVELOPMENT_TEAM = Z29U9TK6XW;
				INFOPLIST_FILE = Factoy/Info.plist;
				LD_RUNPATH_SEARCH_PATHS = "$(inherited) @executable_path/Frameworks";
				PRODUCT_BUNDLE_IDENTIFIER = i.Factoy;
				PRODUCT_NAME = "$(TARGET_NAME)";
				SWIFT_VERSION = 4.0;
				TARGETED_DEVICE_FAMILY = "1,2";
			};
			name = Debug;
		};
		CF05C95820C7D98400848A59 /* Release */ = {
			isa = XCBuildConfiguration;
			baseConfigurationReference = F6C2A677FAEB226A85FD397C /* Pods-Factoy.release.xcconfig */;
			buildSettings = {
				ASSETCATALOG_COMPILER_APPICON_NAME = AppIcon;
				CODE_SIGN_STYLE = Automatic;
				DEVELOPMENT_TEAM = Z29U9TK6XW;
				INFOPLIST_FILE = Factoy/Info.plist;
				LD_RUNPATH_SEARCH_PATHS = "$(inherited) @executable_path/Frameworks";
				PRODUCT_BUNDLE_IDENTIFIER = i.Factoy;
				PRODUCT_NAME = "$(TARGET_NAME)";
				SWIFT_VERSION = 4.0;
				TARGETED_DEVICE_FAMILY = "1,2";
			};
			name = Release;
		};
/* End XCBuildConfiguration section */

/* Begin XCConfigurationList section */
		CF05C93F20C7D98400848A59 /* Build configuration list for PBXProject "Factoy" */ = {
			isa = XCConfigurationList;
			buildConfigurations = (
				CF05C95420C7D98400848A59 /* Debug */,
				CF05C95520C7D98400848A59 /* Release */,
			);
			defaultConfigurationIsVisible = 0;
			defaultConfigurationName = Release;
		};
		CF05C95620C7D98400848A59 /* Build configuration list for PBXNativeTarget "Factoy" */ = {
			isa = XCConfigurationList;
			buildConfigurations = (
				CF05C95720C7D98400848A59 /* Debug */,
				CF05C95820C7D98400848A59 /* Release */,
			);
			defaultConfigurationIsVisible = 0;
			defaultConfigurationName = Release;
		};
/* End XCConfigurationList section */
	};
	rootObject = CF05C93C20C7D98400848A59 /* Project object */;
}
